
Microsoft Visual Studio Solution File, Format Version 12.00
# Visual Studio 15
VisualStudioVersion = 15.0.28307.421
MinimumVisualStudioVersion = 10.0.40219.1
Project("{FAE04EC0-301F-11D3-BF4B-00C04F79EFBC}") = "MyFavoriteThings", "MyFavoriteThings\MyFavoriteThings.csproj", "{3650900C-A103-4B85-B1E6-14F2B4046865}"
EndProject
Global
	GlobalSection(SolutionConfigurationPlatforms) = preSolution
		Debug|Any CPU = Debug|Any CPU
		Release|Any CPU = Release|Any CPU
	EndGlobalSection
	GlobalSection(ProjectConfigurationPlatforms) = postSolution
		{3650900C-A103-4B85-B1E6-14F2B4046865}.Debug|Any CPU.ActiveCfg = Debug|Any CPU
		{3650900C-A103-4B85-B1E6-14F2B4046865}.Debug|Any CPU.Build.0 = Debug|Any CPU
		{3650900C-A103-4B85-B1E6-14F2B4046865}.Release|Any CPU.ActiveCfg = Release|Any CPU
		{3650900C-A103-4B85-B1E6-14F2B4046865}.Release|Any CPU.Build.0 = Release|Any CPU
	EndGlobalSection
	GlobalSection(SolutionProperties) = preSolution
		HideSolutionNode = FALSE
	EndGlobalSection
	GlobalSection(ExtensibilityGlobals) = postSolution
		SolutionGuid = {2F9D448F-A159-469C-A740-A51598860803}
	EndGlobalSection
EndGlobal
